
Microsoft Visual Studio Solution File, Format Version 12.00
# Visual Studio 15
VisualStudioVersion = 15.0.28307.329
MinimumVisualStudioVersion = 10.0.40219.1
Project("{FAE04EC0-301F-11D3-BF4B-00C04F79EFBC}") = "ServerNetCore", "WebApplicationSignalRTest\ServerNetCore.csproj", "{176768A6-D0F7-47D0-B06F-4F40B1EA1D02}"
EndProject
Project("{FAE04EC0-301F-11D3-BF4B-00C04F79EFBC}") = "ClientAppNet", "ConsoleTestChat\ClientAppNet.csproj", "{ACF26EA3-7BAB-47B4-91FB-3A04294C03D5}"
EndProject
Project("{FAE04EC0-301F-11D3-BF4B-00C04F79EFBC}") = "ClientNetCore", "ConsoleAppCore\ClientNetCore.csproj", "{B7200B61-21DA-4A36-A674-FBBB517FB09E}"
EndProject
Global
	GlobalSection(SolutionConfigurationPlatforms) = preSolution
		Debug|Any CPU = Debug|Any CPU
		Release|Any CPU = Release|Any CPU
	EndGlobalSection
	GlobalSection(ProjectConfigurationPlatforms) = postSolution
		{176768A6-D0F7-47D0-B06F-4F40B1EA1D02}.Debug|Any CPU.ActiveCfg = Debug|Any CPU
		{176768A6-D0F7-47D0-B06F-4F40B1EA1D02}.Debug|Any CPU.Build.0 = Debug|Any CPU
		{176768A6-D0F7-47D0-B06F-4F40B1EA1D02}.Release|Any CPU.ActiveCfg = Release|Any CPU
		{176768A6-D0F7-47D0-B06F-4F40B1EA1D02}.Release|Any CPU.Build.0 = Release|Any CPU
		{ACF26EA3-7BAB-47B4-91FB-3A04294C03D5}.Debug|Any CPU.ActiveCfg = Debug|Any CPU
		{ACF26EA3-7BAB-47B4-91FB-3A04294C03D5}.Debug|Any CPU.Build.0 = Debug|Any CPU
		{ACF26EA3-7BAB-47B4-91FB-3A04294C03D5}.Release|Any CPU.ActiveCfg = Release|Any CPU
		{ACF26EA3-7BAB-47B4-91FB-3A04294C03D5}.Release|Any CPU.Build.0 = Release|Any CPU
		{B7200B61-21DA-4A36-A674-FBBB517FB09E}.Debug|Any CPU.ActiveCfg = Debug|Any CPU
		{B7200B61-21DA-4A36-A674-FBBB517FB09E}.Debug|Any CPU.Build.0 = Debug|Any CPU
		{B7200B61-21DA-4A36-A674-FBBB517FB09E}.Release|Any CPU.ActiveCfg = Release|Any CPU
		{B7200B61-21DA-4A36-A674-FBBB517FB09E}.Release|Any CPU.Build.0 = Release|Any CPU
	EndGlobalSection
	GlobalSection(SolutionProperties) = preSolution
		HideSolutionNode = FALSE
	EndGlobalSection
	GlobalSection(ExtensibilityGlobals) = postSolution
		SolutionGuid = {9AD141AA-D260-4A7E-A0F7-03D7F181BA48}
	EndGlobalSection
EndGlobal
